{
  "name": "SkiFree.js",
  "version": "0.1.0",
  "lockfileVersion": 1,
  "requires": true,
  "dependencies": {
    "br-mousetrap": {
      "version": "1.1.3",
      "resolved": "https://registry.npmjs.org/br-mousetrap/-/br-mousetrap-1.1.3.tgz",
      "integrity": "sha1-XzxAd8azbugdJ27FlXBmOvIsrLc="
    },
    "commander": {
      "version": "0.6.1",
      "resolved": "http://registry.npmjs.org/commander/-/commander-0.6.1.tgz",
      "integrity": "sha1-+mihT2qUXVTbvlDYzbMyDp47GgY=",
      "dev": true
    },
    "debug": {
      "version": "4.1.0",
      "resolved": "https://registry.npmjs.org/debug/-/debug-4.1.0.tgz",
      "integrity": "sha512-heNPJUJIqC+xB6ayLAMHaIrmN9HKa7aQO8MGqKpvCA+uJYVcvR6l5kgdrhRuwPFHU7P5/A1w0BjByPHwpfTDKg==",
      "dev": true,
      "requires": {
        "ms": "2.1.1"
      },
      "dependencies": {
        "ms": {
          "version": "2.1.1",
          "resolved": "https://registry.npmjs.org/ms/-/ms-2.1.1.tgz",
          "integrity": "sha512-tgp+dl5cGk28utYktBsrFqA7HKgrhgPsg6Z/EfhWI4gl1Hwq8B/GmY/0oXZ6nF8hDVesS/FpnYaD/kOWhYQvyg==",
          "dev": true
        }
      }
    },
    "diff": {
      "version": "1.0.2",
      "resolved": "https://registry.npmjs.org/diff/-/diff-1.0.2.tgz",
      "integrity": "sha1-Suc/Gu6Nb89ITxoc53zmUdm38Mk=",
      "dev": true
    },
    "eventedloop": {
      "version": "1.0.1",
      "resolved": "https://registry.npmjs.org/eventedloop/-/eventedloop-1.0.1.tgz",
      "integrity": "sha1-xx6oLj7Uvq+rvOcZQKgEjk9ioYU=",
      "requires": {
        "underscore": "1.6.0"
      },
      "dependencies": {
        "underscore": {
          "version": "1.6.0",
          "resolved": "http://registry.npmjs.org/underscore/-/underscore-1.6.0.tgz",
          "integrity": "sha1-izixDKze9jM3uLJOT/htRa6lKag="
        }
      }
    },
    "growl": {
      "version": "1.7.0",
      "resolved": "https://registry.npmjs.org/growl/-/growl-1.7.0.tgz",
      "integrity": "sha1-3i1mE20ALhErpw8/EMMc98NQsto=",
      "dev": true
    },
    "hammerjs": {
      "version": "git://github.com/EightMedia/hammer.js.git#d0bac7f9daa6793219a7d823dfee8d9e98b7ed75"
    },
    "jade": {
      "version": "0.26.3",
      "resolved": "https://registry.npmjs.org/jade/-/jade-0.26.3.tgz",
      "integrity": "sha1-jxDXl32NefL2/4YqgbBRPMslaGw=",
      "dev": true,
      "requires": {
        "commander": "0.6.1",
        "mkdirp": "0.3.0"
      },
      "dependencies": {
        "mkdirp": {
          "version": "0.3.0",
          "resolved": "http://registry.npmjs.org/mkdirp/-/mkdirp-0.3.0.tgz",
          "integrity": "sha1-G79asbqCevI1dRQ0kEJkVfSB/h4=",
          "dev": true
        }
      }
    },
    "mkdirp": {
      "version": "0.3.3",
      "resolved": "http://registry.npmjs.org/mkdirp/-/mkdirp-0.3.3.tgz",
      "integrity": "sha1-WV4lHBNww6aLqyE20ONIuBBa3xM=",
      "dev": true
    },
    "mocha": {
      "version": "1.8.2",
      "resolved": "http://registry.npmjs.org/mocha/-/mocha-1.8.2.tgz",
      "integrity": "sha1-+2sdB9mPLrpBhUaETDvgcx9145A=",
      "dev": true,
      "requires": {
        "commander": "0.6.1",
        "debug": "4.1.0",
        "diff": "1.0.2",
        "growl": "1.7.0",
        "jade": "0.26.3",
        "mkdirp": "0.3.3",
        "ms": "0.3.0"
      }
    },
    "ms": {
      "version": "0.3.0",
      "resolved": "http://registry.npmjs.org/ms/-/ms-0.3.0.tgz",
      "integrity": "sha1-A+3DSNYT5mpWSGz9rFO8vomcvWE=",
      "dev": true
    },
    "should": {
      "version": "1.2.2",
      "resolved": "https://registry.npmjs.org/should/-/should-1.2.2.tgz",
      "integrity": "sha1-DwP3dQZtnqJjJpDJF7EoJPzB1YI=",
      "dev": true
    },
    "sugar": {
      "version": "1.3.9",
      "resolved": "http://registry.npmjs.org/sugar/-/sugar-1.3.9.tgz",
      "integrity": "sha1-+HnGyHchJStR/QtlIEEtmNg8sXk=",
      "dev": true
    }
  }
}
